{
  "requires": true,
  "lockfileVersion": 1,
  "dependencies": {
    "@yaireo/tagify": {
      "version": "3.21.0",
      "resolved": "https://registry.npmjs.org/@yaireo/tagify/-/tagify-3.21.0.tgz",
      "integrity": "sha512-pTr85RlPa7skaUgWCZkaqKpwsAkAiNi5FdLbXFnrhTo+oDMZb0w2rndKIca2bggwWUSsHC+TP2BY7ju8KZu9Gg=="
    },
    "summernote": {
      "version": "0.8.18",
      "resolved": "https://registry.npmjs.org/summernote/-/summernote-0.8.18.tgz",
      "integrity": "sha512-VlwBaNm9vSYMYXvO2f3UCUmY0Gm8jxLcBn+D08aX3pKs4x2vAoyQ4DcDQ6D+PchQiLrf86AGQVfVu56F4aP3ug=="
    }
  }
}
