{
  "requires": true,
  "lockfileVersion": 1,
  "dependencies": {
    "@types/node": {
      "version": "14.14.6",
      "resolved": "https://registry.npmjs.org/@types/node/-/node-14.14.6.tgz",
      "integrity": "sha512-6QlRuqsQ/Ox/aJEQWBEJG7A9+u7oSYl3mem/K8IzxXG/kAGbV1YPD9Bg9Zw3vyxC/YP+zONKwy8hGkSt1jxFMw=="
    },
    "@yaireo/tagify": {
      "version": "3.21.4",
      "resolved": "https://registry.npmjs.org/@yaireo/tagify/-/tagify-3.21.4.tgz",
      "integrity": "sha512-bDN39X5Q0PJABeErzBL0nTA26O6dHwK48cD37FqoWODqo0oymxT4GCPRBc2LYA3hg7/h/ibfKRiySWGAR1A+dQ=="
    },
    "bootstrap": {
      "version": "4.5.3",
      "resolved": "https://registry.npmjs.org/bootstrap/-/bootstrap-4.5.3.tgz",
      "integrity": "sha512-o9ppKQioXGqhw8Z7mah6KdTYpNQY//tipnkxppWhPbiSWdD+1raYsnhwEZjkTHYbGee4cVQ0Rx65EhOY/HNLcQ=="
    },
    "canvas-renderer": {
      "version": "2.2.0",
      "resolved": "https://registry.npmjs.org/canvas-renderer/-/canvas-renderer-2.2.0.tgz",
      "integrity": "sha512-Itdq9pwXcs4IbbkRCXc7reeGBk6i6tlDtZTjE1yc+KvYkx1Mt3WLf6tidZ/Ixbm7Vmi+jpWKG0dRBor67x9yGw==",
      "requires": {
        "@types/node": "*"
      }
    },
    "font-awesome": {
      "version": "4.7.0",
      "resolved": "https://registry.npmjs.org/font-awesome/-/font-awesome-4.7.0.tgz",
      "integrity": "sha1-j6jPBBGhoxr9B7BtKQK7n8gVoTM="
    },
    "jdenticon": {
      "version": "3.0.1",
      "resolved": "https://registry.npmjs.org/jdenticon/-/jdenticon-3.0.1.tgz",
      "integrity": "sha512-6Bh9FSmh2NEZsa3gWlcQgWgdIuXudT/Q34N9A/05qUtPyJ34rYZuk2v7AVxR+1FPdgNmy4JpGj1u2wH63sCCrw==",
      "requires": {
        "canvas-renderer": "~2.2.0"
      }
    },
    "jquery": {
      "version": "3.5.1",
      "resolved": "https://registry.npmjs.org/jquery/-/jquery-3.5.1.tgz",
      "integrity": "sha512-XwIBPqcMn57FxfT+Go5pzySnm4KWkT1Tv7gjrpT1srtf8Weynl6R273VJ5GjkRb51IzMp5nbaPjJXMWeju2MKg=="
    },
    "summernote": {
      "version": "0.8.18",
      "resolved": "https://registry.npmjs.org/summernote/-/summernote-0.8.18.tgz",
      "integrity": "sha512-VlwBaNm9vSYMYXvO2f3UCUmY0Gm8jxLcBn+D08aX3pKs4x2vAoyQ4DcDQ6D+PchQiLrf86AGQVfVu56F4aP3ug=="
    }
  }
}
